// !$*UTF8*$!
{
	archiveVersion = 1;
	classes = {
	};
	objectVersion = 50;
	objects = {

/* Begin PBXBuildFile section */
		2003E00325BDF04A007A76A4 /* AppDelegate.swift in Sources */ = {isa = PBXBuildFile; fileRef = 2003E00225BDF04A007A76A4 /* AppDelegate.swift */; };
		2003E00525BDF04A007A76A4 /* SceneDelegate.swift in Sources */ = {isa = PBXBuildFile; fileRef = 2003E00425BDF04A007A76A4 /* SceneDelegate.swift */; };
		2003E00725BDF04A007A76A4 /* ViewController.swift in Sources */ = {isa = PBXBuildFile; fileRef = 2003E00625BDF04A007A76A4 /* ViewController.swift */; };
		2003E00A25BDF04A007A76A4 /* Main.storyboard in Resources */ = {isa = PBXBuildFile; fileRef = 2003E00825BDF04A007A76A4 /* Main.storyboard */; };
		2003E00C25BDF04C007A76A4 /* Assets.xcassets in Resources */ = {isa = PBXBuildFile; fileRef = 2003E00B25BDF04C007A76A4 /* Assets.xcassets */; };
		2003E00F25BDF04C007A76A4 /* LaunchScreen.storyboard in Resources */ = {isa = PBXBuildFile; fileRef = 2003E00D25BDF04C007A76A4 /* LaunchScreen.storyboard */; };
		2003E01A25BDF04C007A76A4 /* MLCloneTests.swift in Sources */ = {isa = PBXBuildFile; fileRef = 2003E01925BDF04C007A76A4 /* MLCloneTests.swift */; };
		2003E02525BDF04C007A76A4 /* MLCloneUITests.swift in Sources */ = {isa = PBXBuildFile; fileRef = 2003E02425BDF04C007A76A4 /* MLCloneUITests.swift */; };
/* End PBXBuildFile section */

/* Begin PBXContainerItemProxy section */
		2003E01625BDF04C007A76A4 /* PBXContainerItemProxy */ = {
			isa = PBXContainerItemProxy;
			containerPortal = 2003DFF725BDF04A007A76A4 /* Project object */;
			proxyType = 1;
			remoteGlobalIDString = 2003DFFE25BDF04A007A76A4;
			remoteInfo = MLClone;
		};
		2003E02125BDF04C007A76A4 /* PBXContainerItemProxy */ = {
			isa = PBXContainerItemProxy;
			containerPortal = 2003DFF725BDF04A007A76A4 /* Project object */;
			proxyType = 1;
			remoteGlobalIDString = 2003DFFE25BDF04A007A76A4;
			remoteInfo = MLClone;
		};
/* End PBXContainerItemProxy section */

/* Begin PBXFileReference section */
		2003DFFF25BDF04A007A76A4 /* MLClone.app */ = {isa = PBXFileReference; explicitFileType = wrapper.application; includeInIndex = 0; path = MLClone.app; sourceTree = BUILT_PRODUCTS_DIR; };
		2003E00225BDF04A007A76A4 /* AppDelegate.swift */ = {isa = PBXFileReference; lastKnownFileType = sourcecode.swift; path = AppDelegate.swift; sourceTree = "<group>"; };
		2003E00425BDF04A007A76A4 /* SceneDelegate.swift */ = {isa = PBXFileReference; lastKnownFileType = sourcecode.swift; path = SceneDelegate.swift; sourceTree = "<group>"; };
		2003E00625BDF04A007A76A4 /* ViewController.swift */ = {isa = PBXFileReference; lastKnownFileType = sourcecode.swift; path = ViewController.swift; sourceTree = "<group>"; };
		2003E00925BDF04A007A76A4 /* Base */ = {isa = PBXFileReference; lastKnownFileType = file.storyboard; name = Base; path = Base.lproj/Main.storyboard; sourceTree = "<group>"; };
		2003E00B25BDF04C007A76A4 /* Assets.xcassets */ = {isa = PBXFileReference; lastKnownFileType = folder.assetcatalog; path = Assets.xcassets; sourceTree = "<group>"; };
		2003E00E25BDF04C007A76A4 /* Base */ = {isa = PBXFileReference; lastKnownFileType = file.storyboard; name = Base; path = Base.lproj/LaunchScreen.storyboard; sourceTree = "<group>"; };
		2003E01025BDF04C007A76A4 /* Info.plist */ = {isa = PBXFileReference; lastKnownFileType = text.plist.xml; path = Info.plist; sourceTree = "<group>"; };
		2003E01525BDF04C007A76A4 /* MLCloneTests.xctest */ = {isa = PBXFileReference; explicitFileType = wrapper.cfbundle; includeInIndex = 0; path = MLCloneTests.xctest; sourceTree = BUILT_PRODUCTS_DIR; };
		2003E01925BDF04C007A76A4 /* MLCloneTests.swift */ = {isa = PBXFileReference; lastKnownFileType = sourcecode.swift; path = MLCloneTests.swift; sourceTree = "<group>"; };
		2003E01B25BDF04C007A76A4 /* Info.plist */ = {isa = PBXFileReference; lastKnownFileType = text.plist.xml; path = Info.plist; sourceTree = "<group>"; };
		2003E02025BDF04C007A76A4 /* MLCloneUITests.xctest */ = {isa = PBXFileReference; explicitFileType = wrapper.cfbundle; includeInIndex = 0; path = MLCloneUITests.xctest; sourceTree = BUILT_PRODUCTS_DIR; };
		2003E02425BDF04C007A76A4 /* MLCloneUITests.swift */ = {isa = PBXFileReference; lastKnownFileType = sourcecode.swift; path = MLCloneUITests.swift; sourceTree = "<group>"; };
		2003E02625BDF04C007A76A4 /* Info.plist */ = {isa = PBXFileReference; lastKnownFileType = text.plist.xml; path = Info.plist; sourceTree = "<group>"; };
/* End PBXFileReference section */

/* Begin PBXFrameworksBuildPhase section */
		2003DFFC25BDF04A007A76A4 /* Frameworks */ = {
			isa = PBXFrameworksBuildPhase;
			buildActionMask = 2147483647;
			files = (
			);
			runOnlyForDeploymentPostprocessing = 0;
		};
		2003E01225BDF04C007A76A4 /* Frameworks */ = {
			isa = PBXFrameworksBuildPhase;
			buildActionMask = 2147483647;
			files = (
			);
			runOnlyForDeploymentPostprocessing = 0;
		};
		2003E01D25BDF04C007A76A4 /* Frameworks */ = {
			isa = PBXFrameworksBuildPhase;
			buildActionMask = 2147483647;
			files = (
			);
			runOnlyForDeploymentPostprocessing = 0;
		};
/* End PBXFrameworksBuildPhase section */

/* Begin PBXGroup section */
		2003DFF625BDF04A007A76A4 = {
			isa = PBXGroup;
			children = (
				2003E00125BDF04A007A76A4 /* MLClone */,
				2003E01825BDF04C007A76A4 /* MLCloneTests */,
				2003E02325BDF04C007A76A4 /* MLCloneUITests */,
				2003E00025BDF04A007A76A4 /* Products */,
			);
			sourceTree = "<group>";
		};
		2003E00025BDF04A007A76A4 /* Products */ = {
			isa = PBXGroup;
			children = (
				2003DFFF25BDF04A007A76A4 /* MLClone.app */,
				2003E01525BDF04C007A76A4 /* MLCloneTests.xctest */,
				2003E02025BDF04C007A76A4 /* MLCloneUITests.xctest */,
			);
			name = Products;
			sourceTree = "<group>";
		};
		2003E00125BDF04A007A76A4 /* MLClone */ = {
			isa = PBXGroup;
			children = (
				2003E00225BDF04A007A76A4 /* AppDelegate.swift */,
				2003E00425BDF04A007A76A4 /* SceneDelegate.swift */,
				2003E00625BDF04A007A76A4 /* ViewController.swift */,
				2003E00825BDF04A007A76A4 /* Main.storyboard */,
				2003E00B25BDF04C007A76A4 /* Assets.xcassets */,
				2003E00D25BDF04C007A76A4 /* LaunchScreen.storyboard */,
				2003E01025BDF04C007A76A4 /* Info.plist */,
			);
			path = MLClone;
			sourceTree = "<group>";
		};
		2003E01825BDF04C007A76A4 /* MLCloneTests */ = {
			isa = PBXGroup;
			children = (
				2003E01925BDF04C007A76A4 /* MLCloneTests.swift */,
				2003E01B25BDF04C007A76A4 /* Info.plist */,
			);
			path = MLCloneTests;
			sourceTree = "<group>";
		};
		2003E02325BDF04C007A76A4 /* MLCloneUITests */ = {
			isa = PBXGroup;
			children = (
				2003E02425BDF04C007A76A4 /* MLCloneUITests.swift */,
				2003E02625BDF04C007A76A4 /* Info.plist */,
			);
			path = MLCloneUITests;
			sourceTree = "<group>";
		};
/* End PBXGroup section */

/* Begin PBXNativeTarget section */
		2003DFFE25BDF04A007A76A4 /* MLClone */ = {
			isa = PBXNativeTarget;
			buildConfigurationList = 2003E02925BDF04C007A76A4 /* Build configuration list for PBXNativeTarget "MLClone" */;
			buildPhases = (
				2003DFFB25BDF04A007A76A4 /* Sources */,
				2003DFFC25BDF04A007A76A4 /* Frameworks */,
				2003DFFD25BDF04A007A76A4 /* Resources */,
			);
			buildRules = (
			);
			dependencies = (
			);
			name = MLClone;
			productName = MLClone;
			productReference = 2003DFFF25BDF04A007A76A4 /* MLClone.app */;
			productType = "com.apple.product-type.application";
		};
		2003E01425BDF04C007A76A4 /* MLCloneTests */ = {
			isa = PBXNativeTarget;
			buildConfigurationList = 2003E02C25BDF04C007A76A4 /* Build configuration list for PBXNativeTarget "MLCloneTests" */;
			buildPhases = (
				2003E01125BDF04C007A76A4 /* Sources */,
				2003E01225BDF04C007A76A4 /* Frameworks */,
				2003E01325BDF04C007A76A4 /* Resources */,
			);
			buildRules = (
			);
			dependencies = (
				2003E01725BDF04C007A76A4 /* PBXTargetDependency */,
			);
			name = MLCloneTests;
			productName = MLCloneTests;
			productReference = 2003E01525BDF04C007A76A4 /* MLCloneTests.xctest */;
			productType = "com.apple.product-type.bundle.unit-test";
		};
		2003E01F25BDF04C007A76A4 /* MLCloneUITests */ = {
			isa = PBXNativeTarget;
			buildConfigurationList = 2003E02F25BDF04C007A76A4 /* Build configuration list for PBXNativeTarget "MLCloneUITests" */;
			buildPhases = (
				2003E01C25BDF04C007A76A4 /* Sources */,
				2003E01D25BDF04C007A76A4 /* Frameworks */,
				2003E01E25BDF04C007A76A4 /* Resources */,
			);
			buildRules = (
			);
			dependencies = (
				2003E02225BDF04C007A76A4 /* PBXTargetDependency */,
			);
			name = MLCloneUITests;
			productName = MLCloneUITests;
			productReference = 2003E02025BDF04C007A76A4 /* MLCloneUITests.xctest */;
			productType = "com.apple.product-type.bundle.ui-testing";
		};
/* End PBXNativeTarget section */

/* Begin PBXProject section */
		2003DFF725BDF04A007A76A4 /* Project object */ = {
			isa = PBXProject;
			attributes = {
				LastSwiftUpdateCheck = 1230;
				LastUpgradeCheck = 1230;
				TargetAttributes = {
					2003DFFE25BDF04A007A76A4 = {
						CreatedOnToolsVersion = 12.3;
					};
					2003E01425BDF04C007A76A4 = {
						CreatedOnToolsVersion = 12.3;
						TestTargetID = 2003DFFE25BDF04A007A76A4;
					};
					2003E01F25BDF04C007A76A4 = {
						CreatedOnToolsVersion = 12.3;
						TestTargetID = 2003DFFE25BDF04A007A76A4;
					};
				};
			};
			buildConfigurationList = 2003DFFA25BDF04A007A76A4 /* Build configuration list for PBXProject "MLClone" */;
			compatibilityVersion = "Xcode 9.3";
			developmentRegion = en;
			hasScannedForEncodings = 0;
			knownRegions = (
				en,
				Base,
			);
			mainGroup = 2003DFF625BDF04A007A76A4;
			productRefGroup = 2003E00025BDF04A007A76A4 /* Products */;
			projectDirPath = "";
			projectRoot = "";
			targets = (
				2003DFFE25BDF04A007A76A4 /* MLClone */,
				2003E01425BDF04C007A76A4 /* MLCloneTests */,
				2003E01F25BDF04C007A76A4 /* MLCloneUITests */,
			);
		};
/* End PBXProject section */

/* Begin PBXResourcesBuildPhase section */
		2003DFFD25BDF04A007A76A4 /* Resources */ = {
			isa = PBXResourcesBuildPhase;
			buildActionMask = 2147483647;
			files = (
				2003E00F25BDF04C007A76A4 /* LaunchScreen.storyboard in Resources */,
				2003E00C25BDF04C007A76A4 /* Assets.xcassets in Resources */,
				2003E00A25BDF04A007A76A4 /* Main.storyboard in Resources */,
			);
			runOnlyForDeploymentPostprocessing = 0;
		};
		2003E01325BDF04C007A76A4 /* Resources */ = {
			isa = PBXResourcesBuildPhase;
			buildActionMask = 2147483647;
			files = (
			);
			runOnlyForDeploymentPostprocessing = 0;
		};
		2003E01E25BDF04C007A76A4 /* Resources */ = {
			isa = PBXResourcesBuildPhase;
			buildActionMask = 2147483647;
			files = (
			);
			runOnlyForDeploymentPostprocessing = 0;
		};
/* End PBXResourcesBuildPhase section */

/* Begin PBXSourcesBuildPhase section */
		2003DFFB25BDF04A007A76A4 /* Sources */ = {
			isa = PBXSourcesBuildPhase;
			buildActionMask = 2147483647;
			files = (
				2003E00725BDF04A007A76A4 /* ViewController.swift in Sources */,
				2003E00325BDF04A007A76A4 /* AppDelegate.swift in Sources */,
				2003E00525BDF04A007A76A4 /* SceneDelegate.swift in Sources */,
			);
			runOnlyForDeploymentPostprocessing = 0;
		};
		2003E01125BDF04C007A76A4 /* Sources */ = {
			isa = PBXSourcesBuildPhase;
			buildActionMask = 2147483647;
			files = (
				2003E01A25BDF04C007A76A4 /* MLCloneTests.swift in Sources */,
			);
			runOnlyForDeploymentPostprocessing = 0;
		};
		2003E01C25BDF04C007A76A4 /* Sources */ = {
			isa = PBXSourcesBuildPhase;
			buildActionMask = 2147483647;
			files = (
				2003E02525BDF04C007A76A4 /* MLCloneUITests.swift in Sources */,
			);
			runOnlyForDeploymentPostprocessing = 0;
		};
/* End PBXSourcesBuildPhase section */

/* Begin PBXTargetDependency section */
		2003E01725BDF04C007A76A4 /* PBXTargetDependency */ = {
			isa = PBXTargetDependency;
			target = 2003DFFE25BDF04A007A76A4 /* MLClone */;
			targetProxy = 2003E01625BDF04C007A76A4 /* PBXContainerItemProxy */;
		};
		2003E02225BDF04C007A76A4 /* PBXTargetDependency */ = {
			isa = PBXTargetDependency;
			target = 2003DFFE25BDF04A007A76A4 /* MLClone */;
			targetProxy = 2003E02125BDF04C007A76A4 /* PBXContainerItemProxy */;
		};
/* End PBXTargetDependency section */

/* Begin PBXVariantGroup section */
		2003E00825BDF04A007A76A4 /* Main.storyboard */ = {
			isa = PBXVariantGroup;
			children = (
				2003E00925BDF04A007A76A4 /* Base */,
			);
			name = Main.storyboard;
			sourceTree = "<group>";
		};
		2003E00D25BDF04C007A76A4 /* LaunchScreen.storyboard */ = {
			isa = PBXVariantGroup;
			children = (
				2003E00E25BDF04C007A76A4 /* Base */,
			);
			name = LaunchScreen.storyboard;
			sourceTree = "<group>";
		};
/* End PBXVariantGroup section */

/* Begin XCBuildConfiguration section */
		2003E02725BDF04C007A76A4 /* Debug */ = {
			isa = XCBuildConfiguration;
			buildSettings = {
				ALWAYS_SEARCH_USER_PATHS = NO;
				CLANG_ANALYZER_NONNULL = YES;
				CLANG_ANALYZER_NUMBER_OBJECT_CONVERSION = YES_AGGRESSIVE;
				CLANG_CXX_LANGUAGE_STANDARD = "gnu++14";
				CLANG_CXX_LIBRARY = "libc++";
				CLANG_ENABLE_MODULES = YES;
				CLANG_ENABLE_OBJC_ARC = YES;
				CLANG_ENABLE_OBJC_WEAK = YES;
				CLANG_WARN_BLOCK_CAPTURE_AUTORELEASING = YES;
				CLANG_WARN_BOOL_CONVERSION = YES;
				CLANG_WARN_COMMA = YES;
				CLANG_WARN_CONSTANT_CONVERSION = YES;
				CLANG_WARN_DEPRECATED_OBJC_IMPLEMENTATIONS = YES;
				CLANG_WARN_DIRECT_OBJC_ISA_USAGE = YES_ERROR;
				CLANG_WARN_DOCUMENTATION_COMMENTS = YES;
				CLANG_WARN_EMPTY_BODY = YES;
				CLANG_WARN_ENUM_CONVERSION = YES;
				CLANG_WARN_INFINITE_RECURSION = YES;
				CLANG_WARN_INT_CONVERSION = YES;
				CLANG_WARN_NON_LITERAL_NULL_CONVERSION = YES;
				CLANG_WARN_OBJC_IMPLICIT_RETAIN_SELF = YES;
				CLANG_WARN_OBJC_LITERAL_CONVERSION = YES;
				CLANG_WARN_OBJC_ROOT_CLASS = YES_ERROR;
				CLANG_WARN_QUOTED_INCLUDE_IN_FRAMEWORK_HEADER = YES;
				CLANG_WARN_RANGE_LOOP_ANALYSIS = YES;
				CLANG_WARN_STRICT_PROTOTYPES = YES;
				CLANG_WARN_SUSPICIOUS_MOVE = YES;
				CLANG_WARN_UNGUARDED_AVAILABILITY = YES_AGGRESSIVE;
				CLANG_WARN_UNREACHABLE_CODE = YES;
				CLANG_WARN__DUPLICATE_METHOD_MATCH = YES;
				COPY_PHASE_STRIP = NO;
				DEBUG_INFORMATION_FORMAT = dwarf;
				ENABLE_STRICT_OBJC_MSGSEND = YES;
				ENABLE_TESTABILITY = YES;
				GCC_C_LANGUAGE_STANDARD = gnu11;
				GCC_DYNAMIC_NO_PIC = NO;
				GCC_NO_COMMON_BLOCKS = YES;
				GCC_OPTIMIZATION_LEVEL = 0;
				GCC_PREPROCESSOR_DEFINITIONS = (
					"DEBUG=1",
					"$(inherited)",
				);
				GCC_WARN_64_TO_32_BIT_CONVERSION = YES;
				GCC_WARN_ABOUT_RETURN_TYPE = YES_ERROR;
				GCC_WARN_UNDECLARED_SELECTOR = YES;
				GCC_WARN_UNINITIALIZED_AUTOS = YES_AGGRESSIVE;
				GCC_WARN_UNUSED_FUNCTION = YES;
				GCC_WARN_UNUSED_VARIABLE = YES;
				IPHONEOS_DEPLOYMENT_TARGET = 14.3;
				MTL_ENABLE_DEBUG_INFO = INCLUDE_SOURCE;
				MTL_FAST_MATH = YES;
				ONLY_ACTIVE_ARCH = YES;
				SDKROOT = iphoneos;
				SWIFT_ACTIVE_COMPILATION_CONDITIONS = DEBUG;
				SWIFT_OPTIMIZATION_LEVEL = "-Onone";
			};
			name = Debug;
		};
		2003E02825BDF04C007A76A4 /* Release */ = {
			isa = XCBuildConfiguration;
			buildSettings = {
				ALWAYS_SEARCH_USER_PATHS = NO;
				CLANG_ANALYZER_NONNULL = YES;
				CLANG_ANALYZER_NUMBER_OBJECT_CONVERSION = YES_AGGRESSIVE;
				CLANG_CXX_LANGUAGE_STANDARD = "gnu++14";
				CLANG_CXX_LIBRARY = "libc++";
				CLANG_ENABLE_MODULES = YES;
				CLANG_ENABLE_OBJC_ARC = YES;
				CLANG_ENABLE_OBJC_WEAK = YES;
				CLANG_WARN_BLOCK_CAPTURE_AUTORELEASING = YES;
				CLANG_WARN_BOOL_CONVERSION = YES;
				CLANG_WARN_COMMA = YES;
				CLANG_WARN_CONSTANT_CONVERSION = YES;
				CLANG_WARN_DEPRECATED_OBJC_IMPLEMENTATIONS = YES;
				CLANG_WARN_DIRECT_OBJC_ISA_USAGE = YES_ERROR;
				CLANG_WARN_DOCUMENTATION_COMMENTS = YES;
				CLANG_WARN_EMPTY_BODY = YES;
				CLANG_WARN_ENUM_CONVERSION = YES;
				CLANG_WARN_INFINITE_RECURSION = YES;
				CLANG_WARN_INT_CONVERSION = YES;
				CLANG_WARN_NON_LITERAL_NULL_CONVERSION = YES;
				CLANG_WARN_OBJC_IMPLICIT_RETAIN_SELF = YES;
				CLANG_WARN_OBJC_LITERAL_CONVERSION = YES;
				CLANG_WARN_OBJC_ROOT_CLASS = YES_ERROR;
				CLANG_WARN_QUOTED_INCLUDE_IN_FRAMEWORK_HEADER = YES;
				CLANG_WARN_RANGE_LOOP_ANALYSIS = YES;
				CLANG_WARN_STRICT_PROTOTYPES = YES;
				CLANG_WARN_SUSPICIOUS_MOVE = YES;
				CLANG_WARN_UNGUARDED_AVAILABILITY = YES_AGGRESSIVE;
				CLANG_WARN_UNREACHABLE_CODE = YES;
				CLANG_WARN__DUPLICATE_METHOD_MATCH = YES;
				COPY_PHASE_STRIP = NO;
				DEBUG_INFORMATION_FORMAT = "dwarf-with-dsym";
				ENABLE_NS_ASSERTIONS = NO;
				ENABLE_STRICT_OBJC_MSGSEND = YES;
				GCC_C_LANGUAGE_STANDARD = gnu11;
				GCC_NO_COMMON_BLOCKS = YES;
				GCC_WARN_64_TO_32_BIT_CONVERSION = YES;
				GCC_WARN_ABOUT_RETURN_TYPE = YES_ERROR;
				GCC_WARN_UNDECLARED_SELECTOR = YES;
				GCC_WARN_UNINITIALIZED_AUTOS = YES_AGGRESSIVE;
				GCC_WARN_UNUSED_FUNCTION = YES;
				GCC_WARN_UNUSED_VARIABLE = YES;
				IPHONEOS_DEPLOYMENT_TARGET = 14.3;
				MTL_ENABLE_DEBUG_INFO = NO;
				MTL_FAST_MATH = YES;
				SDKROOT = iphoneos;
				SWIFT_COMPILATION_MODE = wholemodule;
				SWIFT_OPTIMIZATION_LEVEL = "-O";
				VALIDATE_PRODUCT = YES;
			};
			name = Release;
		};
		2003E02A25BDF04C007A76A4 /* Debug */ = {
			isa = XCBuildConfiguration;
			buildSettings = {
				ASSETCATALOG_COMPILER_APPICON_NAME = AppIcon;
				ASSETCATALOG_COMPILER_GLOBAL_ACCENT_COLOR_NAME = AccentColor;
				CODE_SIGN_STYLE = Automatic;
				DEVELOPMENT_TEAM = DS2P948Y69;
				INFOPLIST_FILE = MLClone/Info.plist;
				LD_RUNPATH_SEARCH_PATHS = (
					"$(inherited)",
					"@executable_path/Frameworks",
				);
				PRODUCT_BUNDLE_IDENTIFIER = br.com.deciomontanhani.MLClone;
				PRODUCT_NAME = "$(TARGET_NAME)";
				SWIFT_VERSION = 5.0;
				TARGETED_DEVICE_FAMILY = "1,2";
			};
			name = Debug;
		};
		2003E02B25BDF04C007A76A4 /* Release */ = {
			isa = XCBuildConfiguration;
			buildSettings = {
				ASSETCATALOG_COMPILER_APPICON_NAME = AppIcon;
				ASSETCATALOG_COMPILER_GLOBAL_ACCENT_COLOR_NAME = AccentColor;
				CODE_SIGN_STYLE = Automatic;
				DEVELOPMENT_TEAM = DS2P948Y69;
				INFOPLIST_FILE = MLClone/Info.plist;
				LD_RUNPATH_SEARCH_PATHS = (
					"$(inherited)",
					"@executable_path/Frameworks",
				);
				PRODUCT_BUNDLE_IDENTIFIER = br.com.deciomontanhani.MLClone;
				PRODUCT_NAME = "$(TARGET_NAME)";
				SWIFT_VERSION = 5.0;
				TARGETED_DEVICE_FAMILY = "1,2";
			};
			name = Release;
		};
		2003E02D25BDF04C007A76A4 /* Debug */ = {
			isa = XCBuildConfiguration;
			buildSettings = {
				ALWAYS_EMBED_SWIFT_STANDARD_LIBRARIES = YES;
				BUNDLE_LOADER = "$(TEST_HOST)";
				CODE_SIGN_STYLE = Automatic;
				DEVELOPMENT_TEAM = DS2P948Y69;
				INFOPLIST_FILE = MLCloneTests/Info.plist;
				IPHONEOS_DEPLOYMENT_TARGET = 14.3;
				LD_RUNPATH_SEARCH_PATHS = (
					"$(inherited)",
					"@executable_path/Frameworks",
					"@loader_path/Frameworks",
				);
				PRODUCT_BUNDLE_IDENTIFIER = br.com.deciomontanhani.MLCloneTests;
				PRODUCT_NAME = "$(TARGET_NAME)";
				SWIFT_VERSION = 5.0;
				TARGETED_DEVICE_FAMILY = "1,2";
				TEST_HOST = "$(BUILT_PRODUCTS_DIR)/MLClone.app/MLClone";
			};
			name = Debug;
		};
		2003E02E25BDF04C007A76A4 /* Release */ = {
			isa = XCBuildConfiguration;
			buildSettings = {
				ALWAYS_EMBED_SWIFT_STANDARD_LIBRARIES = YES;
				BUNDLE_LOADER = "$(TEST_HOST)";
				CODE_SIGN_STYLE = Automatic;
				DEVELOPMENT_TEAM = DS2P948Y69;
				INFOPLIST_FILE = MLCloneTests/Info.plist;
				IPHONEOS_DEPLOYMENT_TARGET = 14.3;
				LD_RUNPATH_SEARCH_PATHS = (
					"$(inherited)",
					"@executable_path/Frameworks",
					"@loader_path/Frameworks",
				);
				PRODUCT_BUNDLE_IDENTIFIER = br.com.deciomontanhani.MLCloneTests;
				PRODUCT_NAME = "$(TARGET_NAME)";
				SWIFT_VERSION = 5.0;
				TARGETED_DEVICE_FAMILY = "1,2";
				TEST_HOST = "$(BUILT_PRODUCTS_DIR)/MLClone.app/MLClone";
			};
			name = Release;
		};
		2003E03025BDF04C007A76A4 /* Debug */ = {
			isa = XCBuildConfiguration;
			buildSettings = {
				ALWAYS_EMBED_SWIFT_STANDARD_LIBRARIES = YES;
				CODE_SIGN_STYLE = Automatic;
				DEVELOPMENT_TEAM = DS2P948Y69;
				INFOPLIST_FILE = MLCloneUITests/Info.plist;
				LD_RUNPATH_SEARCH_PATHS = (
					"$(inherited)",
					"@executable_path/Frameworks",
					"@loader_path/Frameworks",
				);
				PRODUCT_BUNDLE_IDENTIFIER = br.com.deciomontanhani.MLCloneUITests;
				PRODUCT_NAME = "$(TARGET_NAME)";
				SWIFT_VERSION = 5.0;
				TARGETED_DEVICE_FAMILY = "1,2";
				TEST_TARGET_NAME = MLClone;
			};
			name = Debug;
		};
		2003E03125BDF04C007A76A4 /* Release */ = {
			isa = XCBuildConfiguration;
			buildSettings = {
				ALWAYS_EMBED_SWIFT_STANDARD_LIBRARIES = YES;
				CODE_SIGN_STYLE = Automatic;
				DEVELOPMENT_TEAM = DS2P948Y69;
				INFOPLIST_FILE = MLCloneUITests/Info.plist;
				LD_RUNPATH_SEARCH_PATHS = (
					"$(inherited)",
					"@executable_path/Frameworks",
					"@loader_path/Frameworks",
				);
				PRODUCT_BUNDLE_IDENTIFIER = br.com.deciomontanhani.MLCloneUITests;
				PRODUCT_NAME = "$(TARGET_NAME)";
				SWIFT_VERSION = 5.0;
				TARGETED_DEVICE_FAMILY = "1,2";
				TEST_TARGET_NAME = MLClone;
			};
			name = Release;
		};
/* End XCBuildConfiguration section */

/* Begin XCConfigurationList section */
		2003DFFA25BDF04A007A76A4 /* Build configuration list for PBXProject "MLClone" */ = {
			isa = XCConfigurationList;
			buildConfigurations = (
				2003E02725BDF04C007A76A4 /* Debug */,
				2003E02825BDF04C007A76A4 /* Release */,
			);
			defaultConfigurationIsVisible = 0;
			defaultConfigurationName = Release;
		};
		2003E02925BDF04C007A76A4 /* Build configuration list for PBXNativeTarget "MLClone" */ = {
			isa = XCConfigurationList;
			buildConfigurations = (
				2003E02A25BDF04C007A76A4 /* Debug */,
				2003E02B25BDF04C007A76A4 /* Release */,
			);
			defaultConfigurationIsVisible = 0;
			defaultConfigurationName = Release;
		};
		2003E02C25BDF04C007A76A4 /* Build configuration list for PBXNativeTarget "MLCloneTests" */ = {
			isa = XCConfigurationList;
			buildConfigurations = (
				2003E02D25BDF04C007A76A4 /* Debug */,
				2003E02E25BDF04C007A76A4 /* Release */,
			);
			defaultConfigurationIsVisible = 0;
			defaultConfigurationName = Release;
		};
		2003E02F25BDF04C007A76A4 /* Build configuration list for PBXNativeTarget "MLCloneUITests" */ = {
			isa = XCConfigurationList;
			buildConfigurations = (
				2003E03025BDF04C007A76A4 /* Debug */,
				2003E03125BDF04C007A76A4 /* Release */,
			);
			defaultConfigurationIsVisible = 0;
			defaultConfigurationName = Release;
		};
/* End XCConfigurationList section */
	};
	rootObject = 2003DFF725BDF04A007A76A4 /* Project object */;
}
